
Microsoft Visual Studio Solution File, Format Version 12.00
# Visual Studio Version 16
VisualStudioVersion = 16.0.31613.86
MinimumVisualStudioVersion = 10.0.40219.1
Project("{FAE04EC0-301F-11D3-BF4B-00C04F79EFBC}") = "Josephus", "Josephus\Josephus.csproj", "{D269D210-B341-4510-B83C-40AAF80E177A}"
EndProject
Project("{FAE04EC0-301F-11D3-BF4B-00C04F79EFBC}") = "TestJosephus", "TestJosephus\TestJosephus.csproj", "{89860F2A-8E4E-4335-B7A1-EF62119ADC54}"
EndProject
Global
	GlobalSection(SolutionConfigurationPlatforms) = preSolution
		Debug|Any CPU = Debug|Any CPU
		Release|Any CPU = Release|Any CPU
	EndGlobalSection
	GlobalSection(ProjectConfigurationPlatforms) = postSolution
		{D269D210-B341-4510-B83C-40AAF80E177A}.Debug|Any CPU.ActiveCfg = Debug|Any CPU
		{D269D210-B341-4510-B83C-40AAF80E177A}.Debug|Any CPU.Build.0 = Debug|Any CPU
		{D269D210-B341-4510-B83C-40AAF80E177A}.Release|Any CPU.ActiveCfg = Release|Any CPU
		{D269D210-B341-4510-B83C-40AAF80E177A}.Release|Any CPU.Build.0 = Release|Any CPU
		{89860F2A-8E4E-4335-B7A1-EF62119ADC54}.Debug|Any CPU.ActiveCfg = Debug|Any CPU
		{89860F2A-8E4E-4335-B7A1-EF62119ADC54}.Debug|Any CPU.Build.0 = Debug|Any CPU
		{89860F2A-8E4E-4335-B7A1-EF62119ADC54}.Release|Any CPU.ActiveCfg = Release|Any CPU
		{89860F2A-8E4E-4335-B7A1-EF62119ADC54}.Release|Any CPU.Build.0 = Release|Any CPU
	EndGlobalSection
	GlobalSection(SolutionProperties) = preSolution
		HideSolutionNode = FALSE
	EndGlobalSection
	GlobalSection(ExtensibilityGlobals) = postSolution
		SolutionGuid = {D1E82A1E-7ABD-4E7C-993F-45C8DAC7598F}
	EndGlobalSection
EndGlobal
